# This file is automatically @generated by Cargo.
# It is not intended for manual editing.
version = 4

[[package]]
name = "glam"
version = "0.31.0"
source = "registry+https://github.com/rust-lang/crates.io-index"
checksum = "74a4d85559e2637d3d839438b5b3d75c31e655276f9544d72475c36b92fabbed"

[[package]]
name = "swarm-simulation"
version = "0.1.0"
dependencies = [
 "glam",
]
